// !$*UTF8*$!
{
	archiveVersion = 1;
	classes = {
	};
	objectVersion = 50;
	objects = {

/* Begin PBXBuildFile section */
		CA04C7A525B1696B004B06E3 /* IdentifiersForSegue.swift in Sources */ = {isa = PBXBuildFile; fileRef = CA04C7A425B1696B004B06E3 /* IdentifiersForSegue.swift */; };
		CA04C7B225B17C0A004B06E3 /* TasteAppTests.swift in Sources */ = {isa = PBXBuildFile; fileRef = CA04C7B125B17C0A004B06E3 /* TasteAppTests.swift */; };
		CA33590A25811EFD00C04AD6 /* AppState.swift in Sources */ = {isa = PBXBuildFile; fileRef = CA33590925811EFD00C04AD6 /* AppState.swift */; };
		CA33590F25877F3500C04AD6 /* GameViewController.swift in Sources */ = {isa = PBXBuildFile; fileRef = CA33590E25877F3500C04AD6 /* GameViewController.swift */; };
		CA3359132589285E00C04AD6 /* PopoverViewController.swift in Sources */ = {isa = PBXBuildFile; fileRef = CA3359122589285E00C04AD6 /* PopoverViewController.swift */; };
		CA35D77A257E6AE600E06B00 /* History.swift in Sources */ = {isa = PBXBuildFile; fileRef = CA35D779257E6AE600E06B00 /* History.swift */; };
		CA43878C258A1C20001218A9 /* Sorting.swift in Sources */ = {isa = PBXBuildFile; fileRef = CA43878B258A1C20001218A9 /* Sorting.swift */; };
		CA4E507C25932FE300771E8A /* Game.swift in Sources */ = {isa = PBXBuildFile; fileRef = CA4E507B25932FE300771E8A /* Game.swift */; };
		CA61AC0F25ADB2D2002FD7AC /* DetailsViewController.swift in Sources */ = {isa = PBXBuildFile; fileRef = CA61AC0E25ADB2D2002FD7AC /* DetailsViewController.swift */; };
		CA6F64ED2576B30E00117799 /* CreatingURLManager.swift in Sources */ = {isa = PBXBuildFile; fileRef = CA6F64EC2576B30E00117799 /* CreatingURLManager.swift */; };
		CA6F64F12577D95700117799 /* HistoryViewController.swift in Sources */ = {isa = PBXBuildFile; fileRef = CA6F64F02577D95700117799 /* HistoryViewController.swift */; };
		CA6F64F62577DD2800117799 /* CellForRecord.swift in Sources */ = {isa = PBXBuildFile; fileRef = CA6F64F52577DD2800117799 /* CellForRecord.swift */; };
		CABEA8AE2563CEB4005406F2 /* AppDelegate.swift in Sources */ = {isa = PBXBuildFile; fileRef = CABEA8AD2563CEB4005406F2 /* AppDelegate.swift */; };
		CABEA8B02563CEB4005406F2 /* SceneDelegate.swift in Sources */ = {isa = PBXBuildFile; fileRef = CABEA8AF2563CEB4005406F2 /* SceneDelegate.swift */; };
		CABEA8B22563CEB4005406F2 /* TranslationViewController.swift in Sources */ = {isa = PBXBuildFile; fileRef = CABEA8B12563CEB4005406F2 /* TranslationViewController.swift */; };
		CABEA8B52563CEB4005406F2 /* Main.storyboard in Resources */ = {isa = PBXBuildFile; fileRef = CABEA8B32563CEB4005406F2 /* Main.storyboard */; };
		CABEA8B72563CEB8005406F2 /* Assets.xcassets in Resources */ = {isa = PBXBuildFile; fileRef = CABEA8B62563CEB8005406F2 /* Assets.xcassets */; };
		CABEA8BA2563CEB8005406F2 /* LaunchScreen.storyboard in Resources */ = {isa = PBXBuildFile; fileRef = CABEA8B82563CEB8005406F2 /* LaunchScreen.storyboard */; };
		CABEA980256D7C1B005406F2 /* GoogleTranslateAPIManager.swift in Sources */ = {isa = PBXBuildFile; fileRef = CABEA97F256D7C1B005406F2 /* GoogleTranslateAPIManager.swift */; };
		CABEA983256D81E3005406F2 /* TranslationOfWord.swift in Sources */ = {isa = PBXBuildFile; fileRef = CABEA982256D81E3005406F2 /* TranslationOfWord.swift */; };
		CABEA9932574DDCC005406F2 /* TranslationService.swift in Sources */ = {isa = PBXBuildFile; fileRef = CABEA9922574DDCC005406F2 /* TranslationService.swift */; };
		CABEA99825766589005406F2 /* GoogleTranslateAPIJSON.swift in Sources */ = {isa = PBXBuildFile; fileRef = CABEA99725766589005406F2 /* GoogleTranslateAPIJSON.swift */; };
		CAD1D00925B56E1A00D0451F /* GameViewModel.swift in Sources */ = {isa = PBXBuildFile; fileRef = CAD1D00825B56E1A00D0451F /* GameViewModel.swift */; };
		CAD1D01625B5BF4100D0451F /* GameViewModelTests.swift in Sources */ = {isa = PBXBuildFile; fileRef = CAD1D01525B5BF4100D0451F /* GameViewModelTests.swift */; };
		CAD1D02425B5CB4500D0451F /* TranslationViewModel.swift in Sources */ = {isa = PBXBuildFile; fileRef = CAD1D02325B5CB4500D0451F /* TranslationViewModel.swift */; };
		CAD1D02925B5D69800D0451F /* HistoryViewModel.swift in Sources */ = {isa = PBXBuildFile; fileRef = CAD1D02825B5D69800D0451F /* HistoryViewModel.swift */; };
		CAD1D02E25B85EFD00D0451F /* DetailsViewModel.swift in Sources */ = {isa = PBXBuildFile; fileRef = CAD1D02D25B85EFD00D0451F /* DetailsViewModel.swift */; };
/* End PBXBuildFile section */

/* Begin PBXContainerItemProxy section */
		CA04C7B425B17C0A004B06E3 /* PBXContainerItemProxy */ = {
			isa = PBXContainerItemProxy;
			containerPortal = CABEA8A22563CEB4005406F2 /* Project object */;
			proxyType = 1;
			remoteGlobalIDString = CABEA8A92563CEB4005406F2;
			remoteInfo = TasteApp;
		};
		CAD1D01825B5BF4100D0451F /* PBXContainerItemProxy */ = {
			isa = PBXContainerItemProxy;
			containerPortal = CABEA8A22563CEB4005406F2 /* Project object */;
			proxyType = 1;
			remoteGlobalIDString = CABEA8A92563CEB4005406F2;
			remoteInfo = TasteApp;
		};
/* End PBXContainerItemProxy section */

/* Begin PBXFileReference section */
		CA04C7A425B1696B004B06E3 /* IdentifiersForSegue.swift */ = {isa = PBXFileReference; lastKnownFileType = sourcecode.swift; path = IdentifiersForSegue.swift; sourceTree = "<group>"; };
		CA04C7AF25B17C0A004B06E3 /* TasteAppTests.xctest */ = {isa = PBXFileReference; explicitFileType = wrapper.cfbundle; includeInIndex = 0; path = TasteAppTests.xctest; sourceTree = BUILT_PRODUCTS_DIR; };
		CA04C7B125B17C0A004B06E3 /* TasteAppTests.swift */ = {isa = PBXFileReference; lastKnownFileType = sourcecode.swift; path = TasteAppTests.swift; sourceTree = "<group>"; };
		CA04C7B325B17C0A004B06E3 /* Info.plist */ = {isa = PBXFileReference; lastKnownFileType = text.plist.xml; path = Info.plist; sourceTree = "<group>"; };
		CA33590925811EFD00C04AD6 /* AppState.swift */ = {isa = PBXFileReference; lastKnownFileType = sourcecode.swift; path = AppState.swift; sourceTree = "<group>"; };
		CA33590E25877F3500C04AD6 /* GameViewController.swift */ = {isa = PBXFileReference; lastKnownFileType = sourcecode.swift; path = GameViewController.swift; sourceTree = "<group>"; };
		CA3359122589285E00C04AD6 /* PopoverViewController.swift */ = {isa = PBXFileReference; lastKnownFileType = sourcecode.swift; path = PopoverViewController.swift; sourceTree = "<group>"; };
		CA35D779257E6AE600E06B00 /* History.swift */ = {isa = PBXFileReference; lastKnownFileType = sourcecode.swift; path = History.swift; sourceTree = "<group>"; };
		CA43878B258A1C20001218A9 /* Sorting.swift */ = {isa = PBXFileReference; lastKnownFileType = sourcecode.swift; path = Sorting.swift; sourceTree = "<group>"; };
		CA4E507B25932FE300771E8A /* Game.swift */ = {isa = PBXFileReference; lastKnownFileType = sourcecode.swift; path = Game.swift; sourceTree = "<group>"; };
		CA61AC0E25ADB2D2002FD7AC /* DetailsViewController.swift */ = {isa = PBXFileReference; lastKnownFileType = sourcecode.swift; path = DetailsViewController.swift; sourceTree = "<group>"; };
		CA6F64EC2576B30E00117799 /* CreatingURLManager.swift */ = {isa = PBXFileReference; lastKnownFileType = sourcecode.swift; path = CreatingURLManager.swift; sourceTree = "<group>"; };
		CA6F64F02577D95700117799 /* HistoryViewController.swift */ = {isa = PBXFileReference; lastKnownFileType = sourcecode.swift; path = HistoryViewController.swift; sourceTree = "<group>"; };
		CA6F64F52577DD2800117799 /* CellForRecord.swift */ = {isa = PBXFileReference; lastKnownFileType = sourcecode.swift; path = CellForRecord.swift; sourceTree = "<group>"; };
		CABEA8AA2563CEB4005406F2 /* TasteApp.app */ = {isa = PBXFileReference; explicitFileType = wrapper.application; includeInIndex = 0; path = TasteApp.app; sourceTree = BUILT_PRODUCTS_DIR; };
		CABEA8AD2563CEB4005406F2 /* AppDelegate.swift */ = {isa = PBXFileReference; lastKnownFileType = sourcecode.swift; path = AppDelegate.swift; sourceTree = "<group>"; };
		CABEA8AF2563CEB4005406F2 /* SceneDelegate.swift */ = {isa = PBXFileReference; lastKnownFileType = sourcecode.swift; path = SceneDelegate.swift; sourceTree = "<group>"; };
		CABEA8B12563CEB4005406F2 /* TranslationViewController.swift */ = {isa = PBXFileReference; lastKnownFileType = sourcecode.swift; path = TranslationViewController.swift; sourceTree = "<group>"; };
		CABEA8B42563CEB4005406F2 /* Base */ = {isa = PBXFileReference; lastKnownFileType = file.storyboard; name = Base; path = Base.lproj/Main.storyboard; sourceTree = "<group>"; };
		CABEA8B62563CEB8005406F2 /* Assets.xcassets */ = {isa = PBXFileReference; lastKnownFileType = folder.assetcatalog; path = Assets.xcassets; sourceTree = "<group>"; };
		CABEA8B92563CEB8005406F2 /* Base */ = {isa = PBXFileReference; lastKnownFileType = file.storyboard; name = Base; path = Base.lproj/LaunchScreen.storyboard; sourceTree = "<group>"; };
		CABEA8BB2563CEB8005406F2 /* Info.plist */ = {isa = PBXFileReference; lastKnownFileType = text.plist.xml; path = Info.plist; sourceTree = "<group>"; };
		CABEA97F256D7C1B005406F2 /* GoogleTranslateAPIManager.swift */ = {isa = PBXFileReference; lastKnownFileType = sourcecode.swift; path = GoogleTranslateAPIManager.swift; sourceTree = "<group>"; };
		CABEA982256D81E3005406F2 /* TranslationOfWord.swift */ = {isa = PBXFileReference; lastKnownFileType = sourcecode.swift; path = TranslationOfWord.swift; sourceTree = "<group>"; };
		CABEA9922574DDCC005406F2 /* TranslationService.swift */ = {isa = PBXFileReference; lastKnownFileType = sourcecode.swift; path = TranslationService.swift; sourceTree = "<group>"; };
		CABEA99725766589005406F2 /* GoogleTranslateAPIJSON.swift */ = {isa = PBXFileReference; lastKnownFileType = sourcecode.swift; path = GoogleTranslateAPIJSON.swift; sourceTree = "<group>"; };
		CAD1D00825B56E1A00D0451F /* GameViewModel.swift */ = {isa = PBXFileReference; lastKnownFileType = sourcecode.swift; path = GameViewModel.swift; sourceTree = "<group>"; };
		CAD1D01325B5BF4100D0451F /* GameViewModelTests.xctest */ = {isa = PBXFileReference; explicitFileType = wrapper.cfbundle; includeInIndex = 0; path = GameViewModelTests.xctest; sourceTree = BUILT_PRODUCTS_DIR; };
		CAD1D01525B5BF4100D0451F /* GameViewModelTests.swift */ = {isa = PBXFileReference; lastKnownFileType = sourcecode.swift; path = GameViewModelTests.swift; sourceTree = "<group>"; };
		CAD1D01725B5BF4100D0451F /* Info.plist */ = {isa = PBXFileReference; lastKnownFileType = text.plist.xml; path = Info.plist; sourceTree = "<group>"; };
		CAD1D02325B5CB4500D0451F /* TranslationViewModel.swift */ = {isa = PBXFileReference; lastKnownFileType = sourcecode.swift; path = TranslationViewModel.swift; sourceTree = "<group>"; };
		CAD1D02825B5D69800D0451F /* HistoryViewModel.swift */ = {isa = PBXFileReference; lastKnownFileType = sourcecode.swift; path = HistoryViewModel.swift; sourceTree = "<group>"; };
		CAD1D02D25B85EFD00D0451F /* DetailsViewModel.swift */ = {isa = PBXFileReference; lastKnownFileType = sourcecode.swift; path = DetailsViewModel.swift; sourceTree = "<group>"; };
/* End PBXFileReference section */

/* Begin PBXFrameworksBuildPhase section */
		CA04C7AC25B17C0A004B06E3 /* Frameworks */ = {
			isa = PBXFrameworksBuildPhase;
			buildActionMask = 2147483647;
			files = (
			);
			runOnlyForDeploymentPostprocessing = 0;
		};
		CABEA8A72563CEB4005406F2 /* Frameworks */ = {
			isa = PBXFrameworksBuildPhase;
			buildActionMask = 2147483647;
			files = (
			);
			runOnlyForDeploymentPostprocessing = 0;
		};
		CAD1D01025B5BF4100D0451F /* Frameworks */ = {
			isa = PBXFrameworksBuildPhase;
			buildActionMask = 2147483647;
			files = (
			);
			runOnlyForDeploymentPostprocessing = 0;
		};
/* End PBXFrameworksBuildPhase section */

/* Begin PBXGroup section */
		CA04C7B025B17C0A004B06E3 /* TasteAppTests */ = {
			isa = PBXGroup;
			children = (
				CA04C7B125B17C0A004B06E3 /* TasteAppTests.swift */,
				CA04C7B325B17C0A004B06E3 /* Info.plist */,
			);
			path = TasteAppTests;
			sourceTree = "<group>";
		};
		CA6F64F32577D96700117799 /* ViewControllers */ = {
			isa = PBXGroup;
			children = (
				CAD1D00725B56DEA00D0451F /* ViewModels */,
				CABEA8B12563CEB4005406F2 /* TranslationViewController.swift */,
				CA6F64F02577D95700117799 /* HistoryViewController.swift */,
				CA3359122589285E00C04AD6 /* PopoverViewController.swift */,
				CA33590E25877F3500C04AD6 /* GameViewController.swift */,
				CA61AC0E25ADB2D2002FD7AC /* DetailsViewController.swift */,
				CA6F64F52577DD2800117799 /* CellForRecord.swift */,
			);
			path = ViewControllers;
			sourceTree = "<group>";
		};
		CA6F64FC2579125A00117799 /* BuildingFiles */ = {
			isa = PBXGroup;
			children = (
				CABEA9922574DDCC005406F2 /* TranslationService.swift */,
				CABEA97F256D7C1B005406F2 /* GoogleTranslateAPIManager.swift */,
				CA6F64EC2576B30E00117799 /* CreatingURLManager.swift */,
			);
			path = BuildingFiles;
			sourceTree = "<group>";
		};
		CABEA8A12563CEB4005406F2 = {
			isa = PBXGroup;
			children = (
				CABEA8AC2563CEB4005406F2 /* TasteApp */,
				CA04C7B025B17C0A004B06E3 /* TasteAppTests */,
				CAD1D01425B5BF4100D0451F /* GameViewModelTests */,
				CABEA8AB2563CEB4005406F2 /* Products */,
			);
			sourceTree = "<group>";
		};
		CABEA8AB2563CEB4005406F2 /* Products */ = {
			isa = PBXGroup;
			children = (
				CABEA8AA2563CEB4005406F2 /* TasteApp.app */,
				CA04C7AF25B17C0A004B06E3 /* TasteAppTests.xctest */,
				CAD1D01325B5BF4100D0451F /* GameViewModelTests.xctest */,
			);
			name = Products;
			sourceTree = "<group>";
		};
		CABEA8AC2563CEB4005406F2 /* TasteApp */ = {
			isa = PBXGroup;
			children = (
				CABEA8AD2563CEB4005406F2 /* AppDelegate.swift */,
				CABEA8AF2563CEB4005406F2 /* SceneDelegate.swift */,
				CA6F64FC2579125A00117799 /* BuildingFiles */,
				CA6F64F32577D96700117799 /* ViewControllers */,
				CABEA985256F9D45005406F2 /* Models */,
				CABEA8B32563CEB4005406F2 /* Main.storyboard */,
				CABEA8B62563CEB8005406F2 /* Assets.xcassets */,
				CABEA8B82563CEB8005406F2 /* LaunchScreen.storyboard */,
				CABEA8BB2563CEB8005406F2 /* Info.plist */,
			);
			path = TasteApp;
			sourceTree = "<group>";
		};
		CABEA985256F9D45005406F2 /* Models */ = {
			isa = PBXGroup;
			children = (
				CA33590925811EFD00C04AD6 /* AppState.swift */,
				CA43878B258A1C20001218A9 /* Sorting.swift */,
				CA35D779257E6AE600E06B00 /* History.swift */,
				CA4E507B25932FE300771E8A /* Game.swift */,
				CABEA99725766589005406F2 /* GoogleTranslateAPIJSON.swift */,
				CABEA982256D81E3005406F2 /* TranslationOfWord.swift */,
				CA04C7A425B1696B004B06E3 /* IdentifiersForSegue.swift */,
			);
			path = Models;
			sourceTree = "<group>";
		};
		CAD1D00725B56DEA00D0451F /* ViewModels */ = {
			isa = PBXGroup;
			children = (
				CAD1D00825B56E1A00D0451F /* GameViewModel.swift */,
				CAD1D02325B5CB4500D0451F /* TranslationViewModel.swift */,
				CAD1D02825B5D69800D0451F /* HistoryViewModel.swift */,
				CAD1D02D25B85EFD00D0451F /* DetailsViewModel.swift */,
			);
			path = ViewModels;
			sourceTree = "<group>";
		};
		CAD1D01425B5BF4100D0451F /* GameViewModelTests */ = {
			isa = PBXGroup;
			children = (
				CAD1D01525B5BF4100D0451F /* GameViewModelTests.swift */,
				CAD1D01725B5BF4100D0451F /* Info.plist */,
			);
			path = GameViewModelTests;
			sourceTree = "<group>";
		};
/* End PBXGroup section */

/* Begin PBXNativeTarget section */
		CA04C7AE25B17C0A004B06E3 /* TasteAppTests */ = {
			isa = PBXNativeTarget;
			buildConfigurationList = CA04C7B625B17C0A004B06E3 /* Build configuration list for PBXNativeTarget "TasteAppTests" */;
			buildPhases = (
				CA04C7AB25B17C0A004B06E3 /* Sources */,
				CA04C7AC25B17C0A004B06E3 /* Frameworks */,
				CA04C7AD25B17C0A004B06E3 /* Resources */,
			);
			buildRules = (
			);
			dependencies = (
				CA04C7B525B17C0A004B06E3 /* PBXTargetDependency */,
			);
			name = TasteAppTests;
			productName = TasteAppTests;
			productReference = CA04C7AF25B17C0A004B06E3 /* TasteAppTests.xctest */;
			productType = "com.apple.product-type.bundle.unit-test";
		};
		CABEA8A92563CEB4005406F2 /* TasteApp */ = {
			isa = PBXNativeTarget;
			buildConfigurationList = CABEA8BE2563CEB8005406F2 /* Build configuration list for PBXNativeTarget "TasteApp" */;
			buildPhases = (
				CABEA8A62563CEB4005406F2 /* Sources */,
				CABEA8A72563CEB4005406F2 /* Frameworks */,
				CABEA8A82563CEB4005406F2 /* Resources */,
			);
			buildRules = (
			);
			dependencies = (
			);
			name = TasteApp;
			productName = TasteApp;
			productReference = CABEA8AA2563CEB4005406F2 /* TasteApp.app */;
			productType = "com.apple.product-type.application";
		};
		CAD1D01225B5BF4100D0451F /* GameViewModelTests */ = {
			isa = PBXNativeTarget;
			buildConfigurationList = CAD1D01A25B5BF4100D0451F /* Build configuration list for PBXNativeTarget "GameViewModelTests" */;
			buildPhases = (
				CAD1D00F25B5BF4100D0451F /* Sources */,
				CAD1D01025B5BF4100D0451F /* Frameworks */,
				CAD1D01125B5BF4100D0451F /* Resources */,
			);
			buildRules = (
			);
			dependencies = (
				CAD1D01925B5BF4100D0451F /* PBXTargetDependency */,
			);
			name = GameViewModelTests;
			productName = GameViewModelTests;
			productReference = CAD1D01325B5BF4100D0451F /* GameViewModelTests.xctest */;
			productType = "com.apple.product-type.bundle.unit-test";
		};
/* End PBXNativeTarget section */

/* Begin PBXProject section */
		CABEA8A22563CEB4005406F2 /* Project object */ = {
			isa = PBXProject;
			attributes = {
				LastSwiftUpdateCheck = 1230;
				LastUpgradeCheck = 1220;
				TargetAttributes = {
					CA04C7AE25B17C0A004B06E3 = {
						CreatedOnToolsVersion = 12.3;
						TestTargetID = CABEA8A92563CEB4005406F2;
					};
					CABEA8A92563CEB4005406F2 = {
						CreatedOnToolsVersion = 12.2;
					};
					CAD1D01225B5BF4100D0451F = {
						CreatedOnToolsVersion = 12.3;
						TestTargetID = CABEA8A92563CEB4005406F2;
					};
				};
			};
			buildConfigurationList = CABEA8A52563CEB4005406F2 /* Build configuration list for PBXProject "TasteApp" */;
			compatibilityVersion = "Xcode 9.3";
			developmentRegion = en;
			hasScannedForEncodings = 0;
			knownRegions = (
				en,
				Base,
			);
			mainGroup = CABEA8A12563CEB4005406F2;
			productRefGroup = CABEA8AB2563CEB4005406F2 /* Products */;
			projectDirPath = "";
			projectRoot = "";
			targets = (
				CABEA8A92563CEB4005406F2 /* TasteApp */,
				CA04C7AE25B17C0A004B06E3 /* TasteAppTests */,
				CAD1D01225B5BF4100D0451F /* GameViewModelTests */,
			);
		};
/* End PBXProject section */

/* Begin PBXResourcesBuildPhase section */
		CA04C7AD25B17C0A004B06E3 /* Resources */ = {
			isa = PBXResourcesBuildPhase;
			buildActionMask = 2147483647;
			files = (
			);
			runOnlyForDeploymentPostprocessing = 0;
		};
		CABEA8A82563CEB4005406F2 /* Resources */ = {
			isa = PBXResourcesBuildPhase;
			buildActionMask = 2147483647;
			files = (
				CABEA8BA2563CEB8005406F2 /* LaunchScreen.storyboard in Resources */,
				CABEA8B72563CEB8005406F2 /* Assets.xcassets in Resources */,
				CABEA8B52563CEB4005406F2 /* Main.storyboard in Resources */,
			);
			runOnlyForDeploymentPostprocessing = 0;
		};
		CAD1D01125B5BF4100D0451F /* Resources */ = {
			isa = PBXResourcesBuildPhase;
			buildActionMask = 2147483647;
			files = (
			);
			runOnlyForDeploymentPostprocessing = 0;
		};
/* End PBXResourcesBuildPhase section */

/* Begin PBXSourcesBuildPhase section */
		CA04C7AB25B17C0A004B06E3 /* Sources */ = {
			isa = PBXSourcesBuildPhase;
			buildActionMask = 2147483647;
			files = (
				CA04C7B225B17C0A004B06E3 /* TasteAppTests.swift in Sources */,
			);
			runOnlyForDeploymentPostprocessing = 0;
		};
		CABEA8A62563CEB4005406F2 /* Sources */ = {
			isa = PBXSourcesBuildPhase;
			buildActionMask = 2147483647;
			files = (
				CAD1D02425B5CB4500D0451F /* TranslationViewModel.swift in Sources */,
				CABEA8B22563CEB4005406F2 /* TranslationViewController.swift in Sources */,
				CA43878C258A1C20001218A9 /* Sorting.swift in Sources */,
				CABEA8AE2563CEB4005406F2 /* AppDelegate.swift in Sources */,
				CA3359132589285E00C04AD6 /* PopoverViewController.swift in Sources */,
				CABEA980256D7C1B005406F2 /* GoogleTranslateAPIManager.swift in Sources */,
				CA35D77A257E6AE600E06B00 /* History.swift in Sources */,
				CAD1D02E25B85EFD00D0451F /* DetailsViewModel.swift in Sources */,
				CA33590F25877F3500C04AD6 /* GameViewController.swift in Sources */,
				CABEA99825766589005406F2 /* GoogleTranslateAPIJSON.swift in Sources */,
				CABEA983256D81E3005406F2 /* TranslationOfWord.swift in Sources */,
				CA61AC0F25ADB2D2002FD7AC /* DetailsViewController.swift in Sources */,
				CA6F64F12577D95700117799 /* HistoryViewController.swift in Sources */,
				CA33590A25811EFD00C04AD6 /* AppState.swift in Sources */,
				CAD1D02925B5D69800D0451F /* HistoryViewModel.swift in Sources */,
				CABEA8B02563CEB4005406F2 /* SceneDelegate.swift in Sources */,
				CABEA9932574DDCC005406F2 /* TranslationService.swift in Sources */,
				CA6F64F62577DD2800117799 /* CellForRecord.swift in Sources */,
				CAD1D00925B56E1A00D0451F /* GameViewModel.swift in Sources */,
				CA6F64ED2576B30E00117799 /* CreatingURLManager.swift in Sources */,
				CA4E507C25932FE300771E8A /* Game.swift in Sources */,
				CA04C7A525B1696B004B06E3 /* IdentifiersForSegue.swift in Sources */,
			);
			runOnlyForDeploymentPostprocessing = 0;
		};
		CAD1D00F25B5BF4100D0451F /* Sources */ = {
			isa = PBXSourcesBuildPhase;
			buildActionMask = 2147483647;
			files = (
				CAD1D01625B5BF4100D0451F /* GameViewModelTests.swift in Sources */,
			);
			runOnlyForDeploymentPostprocessing = 0;
		};
/* End PBXSourcesBuildPhase section */

/* Begin PBXTargetDependency section */
		CA04C7B525B17C0A004B06E3 /* PBXTargetDependency */ = {
			isa = PBXTargetDependency;
			target = CABEA8A92563CEB4005406F2 /* TasteApp */;
			targetProxy = CA04C7B425B17C0A004B06E3 /* PBXContainerItemProxy */;
		};
		CAD1D01925B5BF4100D0451F /* PBXTargetDependency */ = {
			isa = PBXTargetDependency;
			target = CABEA8A92563CEB4005406F2 /* TasteApp */;
			targetProxy = CAD1D01825B5BF4100D0451F /* PBXContainerItemProxy */;
		};
/* End PBXTargetDependency section */

/* Begin PBXVariantGroup section */
		CABEA8B32563CEB4005406F2 /* Main.storyboard */ = {
			isa = PBXVariantGroup;
			children = (
				CABEA8B42563CEB4005406F2 /* Base */,
			);
			name = Main.storyboard;
			sourceTree = "<group>";
		};
		CABEA8B82563CEB8005406F2 /* LaunchScreen.storyboard */ = {
			isa = PBXVariantGroup;
			children = (
				CABEA8B92563CEB8005406F2 /* Base */,
			);
			name = LaunchScreen.storyboard;
			sourceTree = "<group>";
		};
/* End PBXVariantGroup section */

/* Begin XCBuildConfiguration section */
		CA04C7B725B17C0A004B06E3 /* Debug */ = {
			isa = XCBuildConfiguration;
			buildSettings = {
				BUNDLE_LOADER = "$(TEST_HOST)";
				CODE_SIGN_STYLE = Automatic;
				DEVELOPMENT_TEAM = Y8KU8W72YT;
				INFOPLIST_FILE = TasteAppTests/Info.plist;
				IPHONEOS_DEPLOYMENT_TARGET = 14.3;
				LD_RUNPATH_SEARCH_PATHS = (
					"$(inherited)",
					"@executable_path/Frameworks",
					"@loader_path/Frameworks",
				);
				PRODUCT_BUNDLE_IDENTIFIER = com.oksanichenkoann.TasteAppTests;
				PRODUCT_NAME = "$(TARGET_NAME)";
				SWIFT_VERSION = 5.0;
				TARGETED_DEVICE_FAMILY = "1,2";
				TEST_HOST = "$(BUILT_PRODUCTS_DIR)/TasteApp.app/TasteApp";
			};
			name = Debug;
		};
		CA04C7B825B17C0A004B06E3 /* Release */ = {
			isa = XCBuildConfiguration;
			buildSettings = {
				BUNDLE_LOADER = "$(TEST_HOST)";
				CODE_SIGN_STYLE = Automatic;
				DEVELOPMENT_TEAM = Y8KU8W72YT;
				INFOPLIST_FILE = TasteAppTests/Info.plist;
				IPHONEOS_DEPLOYMENT_TARGET = 14.3;
				LD_RUNPATH_SEARCH_PATHS = (
					"$(inherited)",
					"@executable_path/Frameworks",
					"@loader_path/Frameworks",
				);
				PRODUCT_BUNDLE_IDENTIFIER = com.oksanichenkoann.TasteAppTests;
				PRODUCT_NAME = "$(TARGET_NAME)";
				SWIFT_VERSION = 5.0;
				TARGETED_DEVICE_FAMILY = "1,2";
				TEST_HOST = "$(BUILT_PRODUCTS_DIR)/TasteApp.app/TasteApp";
			};
			name = Release;
		};
		CABEA8BC2563CEB8005406F2 /* Debug */ = {
			isa = XCBuildConfiguration;
			buildSettings = {
				ALWAYS_SEARCH_USER_PATHS = NO;
				CLANG_ANALYZER_NONNULL = YES;
				CLANG_ANALYZER_NUMBER_OBJECT_CONVERSION = YES_AGGRESSIVE;
				CLANG_CXX_LANGUAGE_STANDARD = "gnu++14";
				CLANG_CXX_LIBRARY = "libc++";
				CLANG_ENABLE_MODULES = YES;
				CLANG_ENABLE_OBJC_ARC = YES;
				CLANG_ENABLE_OBJC_WEAK = YES;
				CLANG_WARN_BLOCK_CAPTURE_AUTORELEASING = YES;
				CLANG_WARN_BOOL_CONVERSION = YES;
				CLANG_WARN_COMMA = YES;
				CLANG_WARN_CONSTANT_CONVERSION = YES;
				CLANG_WARN_DEPRECATED_OBJC_IMPLEMENTATIONS = YES;
				CLANG_WARN_DIRECT_OBJC_ISA_USAGE = YES_ERROR;
				CLANG_WARN_DOCUMENTATION_COMMENTS = YES;
				CLANG_WARN_EMPTY_BODY = YES;
				CLANG_WARN_ENUM_CONVERSION = YES;
				CLANG_WARN_INFINITE_RECURSION = YES;
				CLANG_WARN_INT_CONVERSION = YES;
				CLANG_WARN_NON_LITERAL_NULL_CONVERSION = YES;
				CLANG_WARN_OBJC_IMPLICIT_RETAIN_SELF = YES;
				CLANG_WARN_OBJC_LITERAL_CONVERSION = YES;
				CLANG_WARN_OBJC_ROOT_CLASS = YES_ERROR;
				CLANG_WARN_QUOTED_INCLUDE_IN_FRAMEWORK_HEADER = YES;
				CLANG_WARN_RANGE_LOOP_ANALYSIS = YES;
				CLANG_WARN_STRICT_PROTOTYPES = YES;
				CLANG_WARN_SUSPICIOUS_MOVE = YES;
				CLANG_WARN_UNGUARDED_AVAILABILITY = YES_AGGRESSIVE;
				CLANG_WARN_UNREACHABLE_CODE = YES;
				CLANG_WARN__DUPLICATE_METHOD_MATCH = YES;
				COPY_PHASE_STRIP = NO;
				DEBUG_INFORMATION_FORMAT = dwarf;
				ENABLE_STRICT_OBJC_MSGSEND = YES;
				ENABLE_TESTABILITY = YES;
				GCC_C_LANGUAGE_STANDARD = gnu11;
				GCC_DYNAMIC_NO_PIC = NO;
				GCC_NO_COMMON_BLOCKS = YES;
				GCC_OPTIMIZATION_LEVEL = 0;
				GCC_PREPROCESSOR_DEFINITIONS = (
					"DEBUG=1",
					"$(inherited)",
				);
				GCC_WARN_64_TO_32_BIT_CONVERSION = YES;
				GCC_WARN_ABOUT_RETURN_TYPE = YES_ERROR;
				GCC_WARN_UNDECLARED_SELECTOR = YES;
				GCC_WARN_UNINITIALIZED_AUTOS = YES_AGGRESSIVE;
				GCC_WARN_UNUSED_FUNCTION = YES;
				GCC_WARN_UNUSED_VARIABLE = YES;
				IPHONEOS_DEPLOYMENT_TARGET = 14.2;
				MTL_ENABLE_DEBUG_INFO = INCLUDE_SOURCE;
				MTL_FAST_MATH = YES;
				ONLY_ACTIVE_ARCH = YES;
				SDKROOT = iphoneos;
				SWIFT_ACTIVE_COMPILATION_CONDITIONS = DEBUG;
				SWIFT_OPTIMIZATION_LEVEL = "-Onone";
			};
			name = Debug;
		};
		CABEA8BD2563CEB8005406F2 /* Release */ = {
			isa = XCBuildConfiguration;
			buildSettings = {
				ALWAYS_SEARCH_USER_PATHS = NO;
				CLANG_ANALYZER_NONNULL = YES;
				CLANG_ANALYZER_NUMBER_OBJECT_CONVERSION = YES_AGGRESSIVE;
				CLANG_CXX_LANGUAGE_STANDARD = "gnu++14";
				CLANG_CXX_LIBRARY = "libc++";
				CLANG_ENABLE_MODULES = YES;
				CLANG_ENABLE_OBJC_ARC = YES;
				CLANG_ENABLE_OBJC_WEAK = YES;
				CLANG_WARN_BLOCK_CAPTURE_AUTORELEASING = YES;
				CLANG_WARN_BOOL_CONVERSION = YES;
				CLANG_WARN_COMMA = YES;
				CLANG_WARN_CONSTANT_CONVERSION = YES;
				CLANG_WARN_DEPRECATED_OBJC_IMPLEMENTATIONS = YES;
				CLANG_WARN_DIRECT_OBJC_ISA_USAGE = YES_ERROR;
				CLANG_WARN_DOCUMENTATION_COMMENTS = YES;
				CLANG_WARN_EMPTY_BODY = YES;
				CLANG_WARN_ENUM_CONVERSION = YES;
				CLANG_WARN_INFINITE_RECURSION = YES;
				CLANG_WARN_INT_CONVERSION = YES;
				CLANG_WARN_NON_LITERAL_NULL_CONVERSION = YES;
				CLANG_WARN_OBJC_IMPLICIT_RETAIN_SELF = YES;
				CLANG_WARN_OBJC_LITERAL_CONVERSION = YES;
				CLANG_WARN_OBJC_ROOT_CLASS = YES_ERROR;
				CLANG_WARN_QUOTED_INCLUDE_IN_FRAMEWORK_HEADER = YES;
				CLANG_WARN_RANGE_LOOP_ANALYSIS = YES;
				CLANG_WARN_STRICT_PROTOTYPES = YES;
				CLANG_WARN_SUSPICIOUS_MOVE = YES;
				CLANG_WARN_UNGUARDED_AVAILABILITY = YES_AGGRESSIVE;
				CLANG_WARN_UNREACHABLE_CODE = YES;
				CLANG_WARN__DUPLICATE_METHOD_MATCH = YES;
				COPY_PHASE_STRIP = NO;
				DEBUG_INFORMATION_FORMAT = "dwarf-with-dsym";
				ENABLE_NS_ASSERTIONS = NO;
				ENABLE_STRICT_OBJC_MSGSEND = YES;
				GCC_C_LANGUAGE_STANDARD = gnu11;
				GCC_NO_COMMON_BLOCKS = YES;
				GCC_WARN_64_TO_32_BIT_CONVERSION = YES;
				GCC_WARN_ABOUT_RETURN_TYPE = YES_ERROR;
				GCC_WARN_UNDECLARED_SELECTOR = YES;
				GCC_WARN_UNINITIALIZED_AUTOS = YES_AGGRESSIVE;
				GCC_WARN_UNUSED_FUNCTION = YES;
				GCC_WARN_UNUSED_VARIABLE = YES;
				IPHONEOS_DEPLOYMENT_TARGET = 14.2;
				MTL_ENABLE_DEBUG_INFO = NO;
				MTL_FAST_MATH = YES;
				SDKROOT = iphoneos;
				SWIFT_COMPILATION_MODE = wholemodule;
				SWIFT_OPTIMIZATION_LEVEL = "-O";
				VALIDATE_PRODUCT = YES;
			};
			name = Release;
		};
		CABEA8BF2563CEB8005406F2 /* Debug */ = {
			isa = XCBuildConfiguration;
			buildSettings = {
				ASSETCATALOG_COMPILER_APPICON_NAME = AppIcon;
				ASSETCATALOG_COMPILER_GLOBAL_ACCENT_COLOR_NAME = AccentColor;
				CODE_SIGN_STYLE = Automatic;
				DEVELOPMENT_TEAM = Y8KU8W72YT;
				INFOPLIST_FILE = TasteApp/Info.plist;
				IPHONEOS_DEPLOYMENT_TARGET = 13.6;
				LD_RUNPATH_SEARCH_PATHS = (
					"$(inherited)",
					"@executable_path/Frameworks",
				);
				PRODUCT_BUNDLE_IDENTIFIER = com.oksanichenkoann.TasteApp;
				PRODUCT_NAME = "$(TARGET_NAME)";
				SWIFT_VERSION = 5.0;
				TARGETED_DEVICE_FAMILY = "1,2";
			};
			name = Debug;
		};
		CABEA8C02563CEB8005406F2 /* Release */ = {
			isa = XCBuildConfiguration;
			buildSettings = {
				ASSETCATALOG_COMPILER_APPICON_NAME = AppIcon;
				ASSETCATALOG_COMPILER_GLOBAL_ACCENT_COLOR_NAME = AccentColor;
				CODE_SIGN_STYLE = Automatic;
				DEVELOPMENT_TEAM = Y8KU8W72YT;
				INFOPLIST_FILE = TasteApp/Info.plist;
				IPHONEOS_DEPLOYMENT_TARGET = 13.6;
				LD_RUNPATH_SEARCH_PATHS = (
					"$(inherited)",
					"@executable_path/Frameworks",
				);
				PRODUCT_BUNDLE_IDENTIFIER = com.oksanichenkoann.TasteApp;
				PRODUCT_NAME = "$(TARGET_NAME)";
				SWIFT_VERSION = 5.0;
				TARGETED_DEVICE_FAMILY = "1,2";
			};
			name = Release;
		};
		CAD1D01B25B5BF4100D0451F /* Debug */ = {
			isa = XCBuildConfiguration;
			buildSettings = {
				BUNDLE_LOADER = "$(TEST_HOST)";
				CODE_SIGN_STYLE = Automatic;
				DEVELOPMENT_TEAM = Y8KU8W72YT;
				INFOPLIST_FILE = GameViewModelTests/Info.plist;
				IPHONEOS_DEPLOYMENT_TARGET = 14.3;
				LD_RUNPATH_SEARCH_PATHS = (
					"$(inherited)",
					"@executable_path/Frameworks",
					"@loader_path/Frameworks",
				);
				PRODUCT_BUNDLE_IDENTIFIER = com.oksanichenkoann.GameViewModelTests;
				PRODUCT_NAME = "$(TARGET_NAME)";
				SWIFT_VERSION = 5.0;
				TARGETED_DEVICE_FAMILY = "1,2";
				TEST_HOST = "$(BUILT_PRODUCTS_DIR)/TasteApp.app/TasteApp";
			};
			name = Debug;
		};
		CAD1D01C25B5BF4100D0451F /* Release */ = {
			isa = XCBuildConfiguration;
			buildSettings = {
				BUNDLE_LOADER = "$(TEST_HOST)";
				CODE_SIGN_STYLE = Automatic;
				DEVELOPMENT_TEAM = Y8KU8W72YT;
				INFOPLIST_FILE = GameViewModelTests/Info.plist;
				IPHONEOS_DEPLOYMENT_TARGET = 14.3;
				LD_RUNPATH_SEARCH_PATHS = (
					"$(inherited)",
					"@executable_path/Frameworks",
					"@loader_path/Frameworks",
				);
				PRODUCT_BUNDLE_IDENTIFIER = com.oksanichenkoann.GameViewModelTests;
				PRODUCT_NAME = "$(TARGET_NAME)";
				SWIFT_VERSION = 5.0;
				TARGETED_DEVICE_FAMILY = "1,2";
				TEST_HOST = "$(BUILT_PRODUCTS_DIR)/TasteApp.app/TasteApp";
			};
			name = Release;
		};
/* End XCBuildConfiguration section */

/* Begin XCConfigurationList section */
		CA04C7B625B17C0A004B06E3 /* Build configuration list for PBXNativeTarget "TasteAppTests" */ = {
			isa = XCConfigurationList;
			buildConfigurations = (
				CA04C7B725B17C0A004B06E3 /* Debug */,
				CA04C7B825B17C0A004B06E3 /* Release */,
			);
			defaultConfigurationIsVisible = 0;
			defaultConfigurationName = Release;
		};
		CABEA8A52563CEB4005406F2 /* Build configuration list for PBXProject "TasteApp" */ = {
			isa = XCConfigurationList;
			buildConfigurations = (
				CABEA8BC2563CEB8005406F2 /* Debug */,
				CABEA8BD2563CEB8005406F2 /* Release */,
			);
			defaultConfigurationIsVisible = 0;
			defaultConfigurationName = Release;
		};
		CABEA8BE2563CEB8005406F2 /* Build configuration list for PBXNativeTarget "TasteApp" */ = {
			isa = XCConfigurationList;
			buildConfigurations = (
				CABEA8BF2563CEB8005406F2 /* Debug */,
				CABEA8C02563CEB8005406F2 /* Release */,
			);
			defaultConfigurationIsVisible = 0;
			defaultConfigurationName = Release;
		};
		CAD1D01A25B5BF4100D0451F /* Build configuration list for PBXNativeTarget "GameViewModelTests" */ = {
			isa = XCConfigurationList;
			buildConfigurations = (
				CAD1D01B25B5BF4100D0451F /* Debug */,
				CAD1D01C25B5BF4100D0451F /* Release */,
			);
			defaultConfigurationIsVisible = 0;
			defaultConfigurationName = Release;
		};
/* End XCConfigurationList section */
	};
	rootObject = CABEA8A22563CEB4005406F2 /* Project object */;
}
