// !$*UTF8*$!
{
	archiveVersion = 1;
	classes = {
	};
	objectVersion = 50;
	objects = {

/* Begin PBXBuildFile section */
		CA6F64ED2576B30E00117799 /* NewTranslateManager.swift in Sources */ = {isa = PBXBuildFile; fileRef = CA6F64EC2576B30E00117799 /* NewTranslateManager.swift */; };
		CABEA8AE2563CEB4005406F2 /* AppDelegate.swift in Sources */ = {isa = PBXBuildFile; fileRef = CABEA8AD2563CEB4005406F2 /* AppDelegate.swift */; };
		CABEA8B02563CEB4005406F2 /* SceneDelegate.swift in Sources */ = {isa = PBXBuildFile; fileRef = CABEA8AF2563CEB4005406F2 /* SceneDelegate.swift */; };
		CABEA8B22563CEB4005406F2 /* ViewController.swift in Sources */ = {isa = PBXBuildFile; fileRef = CABEA8B12563CEB4005406F2 /* ViewController.swift */; };
		CABEA8B52563CEB4005406F2 /* Main.storyboard in Resources */ = {isa = PBXBuildFile; fileRef = CABEA8B32563CEB4005406F2 /* Main.storyboard */; };
		CABEA8B72563CEB8005406F2 /* Assets.xcassets in Resources */ = {isa = PBXBuildFile; fileRef = CABEA8B62563CEB8005406F2 /* Assets.xcassets */; };
		CABEA8BA2563CEB8005406F2 /* LaunchScreen.storyboard in Resources */ = {isa = PBXBuildFile; fileRef = CABEA8B82563CEB8005406F2 /* LaunchScreen.storyboard */; };
		CABEA97D256D6EF2005406F2 /* TranslationData.swift in Sources */ = {isa = PBXBuildFile; fileRef = CABEA97C256D6EF2005406F2 /* TranslationData.swift */; };
		CABEA980256D7C1B005406F2 /* GoogleTranslateAPIManager.swift in Sources */ = {isa = PBXBuildFile; fileRef = CABEA97F256D7C1B005406F2 /* GoogleTranslateAPIManager.swift */; };
		CABEA983256D81E3005406F2 /* Language.swift in Sources */ = {isa = PBXBuildFile; fileRef = CABEA982256D81E3005406F2 /* Language.swift */; };
		CABEA989256F9F7B005406F2 /* Constants.swift in Sources */ = {isa = PBXBuildFile; fileRef = CABEA988256F9F7B005406F2 /* Constants.swift */; };
		CABEA9932574DDCC005406F2 /* Transformation.swift in Sources */ = {isa = PBXBuildFile; fileRef = CABEA9922574DDCC005406F2 /* Transformation.swift */; };
		CABEA99825766589005406F2 /* NewData.swift in Sources */ = {isa = PBXBuildFile; fileRef = CABEA99725766589005406F2 /* NewData.swift */; };
/* End PBXBuildFile section */

/* Begin PBXFileReference section */
		CA6F64EC2576B30E00117799 /* NewTranslateManager.swift */ = {isa = PBXFileReference; lastKnownFileType = sourcecode.swift; path = NewTranslateManager.swift; sourceTree = "<group>"; };
		CABEA8AA2563CEB4005406F2 /* TasteApp.app */ = {isa = PBXFileReference; explicitFileType = wrapper.application; includeInIndex = 0; path = TasteApp.app; sourceTree = BUILT_PRODUCTS_DIR; };
		CABEA8AD2563CEB4005406F2 /* AppDelegate.swift */ = {isa = PBXFileReference; lastKnownFileType = sourcecode.swift; path = AppDelegate.swift; sourceTree = "<group>"; };
		CABEA8AF2563CEB4005406F2 /* SceneDelegate.swift */ = {isa = PBXFileReference; lastKnownFileType = sourcecode.swift; path = SceneDelegate.swift; sourceTree = "<group>"; };
		CABEA8B12563CEB4005406F2 /* ViewController.swift */ = {isa = PBXFileReference; lastKnownFileType = sourcecode.swift; path = ViewController.swift; sourceTree = "<group>"; };
		CABEA8B42563CEB4005406F2 /* Base */ = {isa = PBXFileReference; lastKnownFileType = file.storyboard; name = Base; path = Base.lproj/Main.storyboard; sourceTree = "<group>"; };
		CABEA8B62563CEB8005406F2 /* Assets.xcassets */ = {isa = PBXFileReference; lastKnownFileType = folder.assetcatalog; path = Assets.xcassets; sourceTree = "<group>"; };
		CABEA8B92563CEB8005406F2 /* Base */ = {isa = PBXFileReference; lastKnownFileType = file.storyboard; name = Base; path = Base.lproj/LaunchScreen.storyboard; sourceTree = "<group>"; };
		CABEA8BB2563CEB8005406F2 /* Info.plist */ = {isa = PBXFileReference; lastKnownFileType = text.plist.xml; path = Info.plist; sourceTree = "<group>"; };
		CABEA97C256D6EF2005406F2 /* TranslationData.swift */ = {isa = PBXFileReference; lastKnownFileType = sourcecode.swift; path = TranslationData.swift; sourceTree = "<group>"; };
		CABEA97F256D7C1B005406F2 /* GoogleTranslateAPIManager.swift */ = {isa = PBXFileReference; lastKnownFileType = sourcecode.swift; path = GoogleTranslateAPIManager.swift; sourceTree = "<group>"; };
		CABEA982256D81E3005406F2 /* Language.swift */ = {isa = PBXFileReference; lastKnownFileType = sourcecode.swift; path = Language.swift; sourceTree = "<group>"; };
		CABEA988256F9F7B005406F2 /* Constants.swift */ = {isa = PBXFileReference; lastKnownFileType = sourcecode.swift; path = Constants.swift; sourceTree = "<group>"; };
		CABEA9922574DDCC005406F2 /* Transformation.swift */ = {isa = PBXFileReference; lastKnownFileType = sourcecode.swift; path = Transformation.swift; sourceTree = "<group>"; };
		CABEA99725766589005406F2 /* NewData.swift */ = {isa = PBXFileReference; lastKnownFileType = sourcecode.swift; path = NewData.swift; sourceTree = "<group>"; };
/* End PBXFileReference section */

/* Begin PBXFrameworksBuildPhase section */
		CABEA8A72563CEB4005406F2 /* Frameworks */ = {
			isa = PBXFrameworksBuildPhase;
			buildActionMask = 2147483647;
			files = (
			);
			runOnlyForDeploymentPostprocessing = 0;
		};
/* End PBXFrameworksBuildPhase section */

/* Begin PBXGroup section */
		CABEA8A12563CEB4005406F2 = {
			isa = PBXGroup;
			children = (
				CABEA8AC2563CEB4005406F2 /* TasteApp */,
				CABEA8AB2563CEB4005406F2 /* Products */,
			);
			sourceTree = "<group>";
		};
		CABEA8AB2563CEB4005406F2 /* Products */ = {
			isa = PBXGroup;
			children = (
				CABEA8AA2563CEB4005406F2 /* TasteApp.app */,
			);
			name = Products;
			sourceTree = "<group>";
		};
		CABEA8AC2563CEB4005406F2 /* TasteApp */ = {
			isa = PBXGroup;
			children = (
				CABEA8AD2563CEB4005406F2 /* AppDelegate.swift */,
				CABEA8AF2563CEB4005406F2 /* SceneDelegate.swift */,
				CABEA8B12563CEB4005406F2 /* ViewController.swift */,
				CABEA97F256D7C1B005406F2 /* GoogleTranslateAPIManager.swift */,
				CABEA9922574DDCC005406F2 /* Transformation.swift */,
				CA6F64EC2576B30E00117799 /* NewTranslateManager.swift */,
				CABEA985256F9D45005406F2 /* Models */,
				CABEA8B32563CEB4005406F2 /* Main.storyboard */,
				CABEA8B62563CEB8005406F2 /* Assets.xcassets */,
				CABEA8B82563CEB8005406F2 /* LaunchScreen.storyboard */,
				CABEA8BB2563CEB8005406F2 /* Info.plist */,
			);
			path = TasteApp;
			sourceTree = "<group>";
		};
		CABEA985256F9D45005406F2 /* Models */ = {
			isa = PBXGroup;
			children = (
				CABEA97C256D6EF2005406F2 /* TranslationData.swift */,
				CABEA99725766589005406F2 /* NewData.swift */,
				CABEA982256D81E3005406F2 /* Language.swift */,
				CABEA988256F9F7B005406F2 /* Constants.swift */,
			);
			path = Models;
			sourceTree = "<group>";
		};
/* End PBXGroup section */

/* Begin PBXNativeTarget section */
		CABEA8A92563CEB4005406F2 /* TasteApp */ = {
			isa = PBXNativeTarget;
			buildConfigurationList = CABEA8BE2563CEB8005406F2 /* Build configuration list for PBXNativeTarget "TasteApp" */;
			buildPhases = (
				CABEA8A62563CEB4005406F2 /* Sources */,
				CABEA8A72563CEB4005406F2 /* Frameworks */,
				CABEA8A82563CEB4005406F2 /* Resources */,
			);
			buildRules = (
			);
			dependencies = (
			);
			name = TasteApp;
			productName = TasteApp;
			productReference = CABEA8AA2563CEB4005406F2 /* TasteApp.app */;
			productType = "com.apple.product-type.application";
		};
/* End PBXNativeTarget section */

/* Begin PBXProject section */
		CABEA8A22563CEB4005406F2 /* Project object */ = {
			isa = PBXProject;
			attributes = {
				LastSwiftUpdateCheck = 1220;
				LastUpgradeCheck = 1220;
				TargetAttributes = {
					CABEA8A92563CEB4005406F2 = {
						CreatedOnToolsVersion = 12.2;
					};
				};
			};
			buildConfigurationList = CABEA8A52563CEB4005406F2 /* Build configuration list for PBXProject "TasteApp" */;
			compatibilityVersion = "Xcode 9.3";
			developmentRegion = en;
			hasScannedForEncodings = 0;
			knownRegions = (
				en,
				Base,
			);
			mainGroup = CABEA8A12563CEB4005406F2;
			productRefGroup = CABEA8AB2563CEB4005406F2 /* Products */;
			projectDirPath = "";
			projectRoot = "";
			targets = (
				CABEA8A92563CEB4005406F2 /* TasteApp */,
			);
		};
/* End PBXProject section */

/* Begin PBXResourcesBuildPhase section */
		CABEA8A82563CEB4005406F2 /* Resources */ = {
			isa = PBXResourcesBuildPhase;
			buildActionMask = 2147483647;
			files = (
				CABEA8BA2563CEB8005406F2 /* LaunchScreen.storyboard in Resources */,
				CABEA8B72563CEB8005406F2 /* Assets.xcassets in Resources */,
				CABEA8B52563CEB4005406F2 /* Main.storyboard in Resources */,
			);
			runOnlyForDeploymentPostprocessing = 0;
		};
/* End PBXResourcesBuildPhase section */

/* Begin PBXSourcesBuildPhase section */
		CABEA8A62563CEB4005406F2 /* Sources */ = {
			isa = PBXSourcesBuildPhase;
			buildActionMask = 2147483647;
			files = (
				CABEA8B22563CEB4005406F2 /* ViewController.swift in Sources */,
				CABEA8AE2563CEB4005406F2 /* AppDelegate.swift in Sources */,
				CABEA980256D7C1B005406F2 /* GoogleTranslateAPIManager.swift in Sources */,
				CABEA99825766589005406F2 /* NewData.swift in Sources */,
				CABEA983256D81E3005406F2 /* Language.swift in Sources */,
				CABEA989256F9F7B005406F2 /* Constants.swift in Sources */,
				CABEA8B02563CEB4005406F2 /* SceneDelegate.swift in Sources */,
				CABEA9932574DDCC005406F2 /* Transformation.swift in Sources */,
				CABEA97D256D6EF2005406F2 /* TranslationData.swift in Sources */,
				CA6F64ED2576B30E00117799 /* NewTranslateManager.swift in Sources */,
			);
			runOnlyForDeploymentPostprocessing = 0;
		};
/* End PBXSourcesBuildPhase section */

/* Begin PBXVariantGroup section */
		CABEA8B32563CEB4005406F2 /* Main.storyboard */ = {
			isa = PBXVariantGroup;
			children = (
				CABEA8B42563CEB4005406F2 /* Base */,
			);
			name = Main.storyboard;
			sourceTree = "<group>";
		};
		CABEA8B82563CEB8005406F2 /* LaunchScreen.storyboard */ = {
			isa = PBXVariantGroup;
			children = (
				CABEA8B92563CEB8005406F2 /* Base */,
			);
			name = LaunchScreen.storyboard;
			sourceTree = "<group>";
		};
/* End PBXVariantGroup section */

/* Begin XCBuildConfiguration section */
		CABEA8BC2563CEB8005406F2 /* Debug */ = {
			isa = XCBuildConfiguration;
			buildSettings = {
				ALWAYS_SEARCH_USER_PATHS = NO;
				CLANG_ANALYZER_NONNULL = YES;
				CLANG_ANALYZER_NUMBER_OBJECT_CONVERSION = YES_AGGRESSIVE;
				CLANG_CXX_LANGUAGE_STANDARD = "gnu++14";
				CLANG_CXX_LIBRARY = "libc++";
				CLANG_ENABLE_MODULES = YES;
				CLANG_ENABLE_OBJC_ARC = YES;
				CLANG_ENABLE_OBJC_WEAK = YES;
				CLANG_WARN_BLOCK_CAPTURE_AUTORELEASING = YES;
				CLANG_WARN_BOOL_CONVERSION = YES;
				CLANG_WARN_COMMA = YES;
				CLANG_WARN_CONSTANT_CONVERSION = YES;
				CLANG_WARN_DEPRECATED_OBJC_IMPLEMENTATIONS = YES;
				CLANG_WARN_DIRECT_OBJC_ISA_USAGE = YES_ERROR;
				CLANG_WARN_DOCUMENTATION_COMMENTS = YES;
				CLANG_WARN_EMPTY_BODY = YES;
				CLANG_WARN_ENUM_CONVERSION = YES;
				CLANG_WARN_INFINITE_RECURSION = YES;
				CLANG_WARN_INT_CONVERSION = YES;
				CLANG_WARN_NON_LITERAL_NULL_CONVERSION = YES;
				CLANG_WARN_OBJC_IMPLICIT_RETAIN_SELF = YES;
				CLANG_WARN_OBJC_LITERAL_CONVERSION = YES;
				CLANG_WARN_OBJC_ROOT_CLASS = YES_ERROR;
				CLANG_WARN_QUOTED_INCLUDE_IN_FRAMEWORK_HEADER = YES;
				CLANG_WARN_RANGE_LOOP_ANALYSIS = YES;
				CLANG_WARN_STRICT_PROTOTYPES = YES;
				CLANG_WARN_SUSPICIOUS_MOVE = YES;
				CLANG_WARN_UNGUARDED_AVAILABILITY = YES_AGGRESSIVE;
				CLANG_WARN_UNREACHABLE_CODE = YES;
				CLANG_WARN__DUPLICATE_METHOD_MATCH = YES;
				COPY_PHASE_STRIP = NO;
				DEBUG_INFORMATION_FORMAT = dwarf;
				ENABLE_STRICT_OBJC_MSGSEND = YES;
				ENABLE_TESTABILITY = YES;
				GCC_C_LANGUAGE_STANDARD = gnu11;
				GCC_DYNAMIC_NO_PIC = NO;
				GCC_NO_COMMON_BLOCKS = YES;
				GCC_OPTIMIZATION_LEVEL = 0;
				GCC_PREPROCESSOR_DEFINITIONS = (
					"DEBUG=1",
					"$(inherited)",
				);
				GCC_WARN_64_TO_32_BIT_CONVERSION = YES;
				GCC_WARN_ABOUT_RETURN_TYPE = YES_ERROR;
				GCC_WARN_UNDECLARED_SELECTOR = YES;
				GCC_WARN_UNINITIALIZED_AUTOS = YES_AGGRESSIVE;
				GCC_WARN_UNUSED_FUNCTION = YES;
				GCC_WARN_UNUSED_VARIABLE = YES;
				IPHONEOS_DEPLOYMENT_TARGET = 14.2;
				MTL_ENABLE_DEBUG_INFO = INCLUDE_SOURCE;
				MTL_FAST_MATH = YES;
				ONLY_ACTIVE_ARCH = YES;
				SDKROOT = iphoneos;
				SWIFT_ACTIVE_COMPILATION_CONDITIONS = DEBUG;
				SWIFT_OPTIMIZATION_LEVEL = "-Onone";
			};
			name = Debug;
		};
		CABEA8BD2563CEB8005406F2 /* Release */ = {
			isa = XCBuildConfiguration;
			buildSettings = {
				ALWAYS_SEARCH_USER_PATHS = NO;
				CLANG_ANALYZER_NONNULL = YES;
				CLANG_ANALYZER_NUMBER_OBJECT_CONVERSION = YES_AGGRESSIVE;
				CLANG_CXX_LANGUAGE_STANDARD = "gnu++14";
				CLANG_CXX_LIBRARY = "libc++";
				CLANG_ENABLE_MODULES = YES;
				CLANG_ENABLE_OBJC_ARC = YES;
				CLANG_ENABLE_OBJC_WEAK = YES;
				CLANG_WARN_BLOCK_CAPTURE_AUTORELEASING = YES;
				CLANG_WARN_BOOL_CONVERSION = YES;
				CLANG_WARN_COMMA = YES;
				CLANG_WARN_CONSTANT_CONVERSION = YES;
				CLANG_WARN_DEPRECATED_OBJC_IMPLEMENTATIONS = YES;
				CLANG_WARN_DIRECT_OBJC_ISA_USAGE = YES_ERROR;
				CLANG_WARN_DOCUMENTATION_COMMENTS = YES;
				CLANG_WARN_EMPTY_BODY = YES;
				CLANG_WARN_ENUM_CONVERSION = YES;
				CLANG_WARN_INFINITE_RECURSION = YES;
				CLANG_WARN_INT_CONVERSION = YES;
				CLANG_WARN_NON_LITERAL_NULL_CONVERSION = YES;
				CLANG_WARN_OBJC_IMPLICIT_RETAIN_SELF = YES;
				CLANG_WARN_OBJC_LITERAL_CONVERSION = YES;
				CLANG_WARN_OBJC_ROOT_CLASS = YES_ERROR;
				CLANG_WARN_QUOTED_INCLUDE_IN_FRAMEWORK_HEADER = YES;
				CLANG_WARN_RANGE_LOOP_ANALYSIS = YES;
				CLANG_WARN_STRICT_PROTOTYPES = YES;
				CLANG_WARN_SUSPICIOUS_MOVE = YES;
				CLANG_WARN_UNGUARDED_AVAILABILITY = YES_AGGRESSIVE;
				CLANG_WARN_UNREACHABLE_CODE = YES;
				CLANG_WARN__DUPLICATE_METHOD_MATCH = YES;
				COPY_PHASE_STRIP = NO;
				DEBUG_INFORMATION_FORMAT = "dwarf-with-dsym";
				ENABLE_NS_ASSERTIONS = NO;
				ENABLE_STRICT_OBJC_MSGSEND = YES;
				GCC_C_LANGUAGE_STANDARD = gnu11;
				GCC_NO_COMMON_BLOCKS = YES;
				GCC_WARN_64_TO_32_BIT_CONVERSION = YES;
				GCC_WARN_ABOUT_RETURN_TYPE = YES_ERROR;
				GCC_WARN_UNDECLARED_SELECTOR = YES;
				GCC_WARN_UNINITIALIZED_AUTOS = YES_AGGRESSIVE;
				GCC_WARN_UNUSED_FUNCTION = YES;
				GCC_WARN_UNUSED_VARIABLE = YES;
				IPHONEOS_DEPLOYMENT_TARGET = 14.2;
				MTL_ENABLE_DEBUG_INFO = NO;
				MTL_FAST_MATH = YES;
				SDKROOT = iphoneos;
				SWIFT_COMPILATION_MODE = wholemodule;
				SWIFT_OPTIMIZATION_LEVEL = "-O";
				VALIDATE_PRODUCT = YES;
			};
			name = Release;
		};
		CABEA8BF2563CEB8005406F2 /* Debug */ = {
			isa = XCBuildConfiguration;
			buildSettings = {
				ASSETCATALOG_COMPILER_APPICON_NAME = AppIcon;
				ASSETCATALOG_COMPILER_GLOBAL_ACCENT_COLOR_NAME = AccentColor;
				CODE_SIGN_STYLE = Automatic;
				DEVELOPMENT_TEAM = Y8KU8W72YT;
				INFOPLIST_FILE = TasteApp/Info.plist;
				LD_RUNPATH_SEARCH_PATHS = (
					"$(inherited)",
					"@executable_path/Frameworks",
				);
				PRODUCT_BUNDLE_IDENTIFIER = com.oksanichenkoann.TasteApp;
				PRODUCT_NAME = "$(TARGET_NAME)";
				SWIFT_VERSION = 5.0;
				TARGETED_DEVICE_FAMILY = "1,2";
			};
			name = Debug;
		};
		CABEA8C02563CEB8005406F2 /* Release */ = {
			isa = XCBuildConfiguration;
			buildSettings = {
				ASSETCATALOG_COMPILER_APPICON_NAME = AppIcon;
				ASSETCATALOG_COMPILER_GLOBAL_ACCENT_COLOR_NAME = AccentColor;
				CODE_SIGN_STYLE = Automatic;
				DEVELOPMENT_TEAM = Y8KU8W72YT;
				INFOPLIST_FILE = TasteApp/Info.plist;
				LD_RUNPATH_SEARCH_PATHS = (
					"$(inherited)",
					"@executable_path/Frameworks",
				);
				PRODUCT_BUNDLE_IDENTIFIER = com.oksanichenkoann.TasteApp;
				PRODUCT_NAME = "$(TARGET_NAME)";
				SWIFT_VERSION = 5.0;
				TARGETED_DEVICE_FAMILY = "1,2";
			};
			name = Release;
		};
/* End XCBuildConfiguration section */

/* Begin XCConfigurationList section */
		CABEA8A52563CEB4005406F2 /* Build configuration list for PBXProject "TasteApp" */ = {
			isa = XCConfigurationList;
			buildConfigurations = (
				CABEA8BC2563CEB8005406F2 /* Debug */,
				CABEA8BD2563CEB8005406F2 /* Release */,
			);
			defaultConfigurationIsVisible = 0;
			defaultConfigurationName = Release;
		};
		CABEA8BE2563CEB8005406F2 /* Build configuration list for PBXNativeTarget "TasteApp" */ = {
			isa = XCConfigurationList;
			buildConfigurations = (
				CABEA8BF2563CEB8005406F2 /* Debug */,
				CABEA8C02563CEB8005406F2 /* Release */,
			);
			defaultConfigurationIsVisible = 0;
			defaultConfigurationName = Release;
		};
/* End XCConfigurationList section */
	};
	rootObject = CABEA8A22563CEB4005406F2 /* Project object */;
}
